
Microsoft Visual Studio Solution File, Format Version 12.00
# Visual Studio 15
VisualStudioVersion = 15.0.28010.2050
MinimumVisualStudioVersion = 10.0.40219.1
Project("{FAE04EC0-301F-11D3-BF4B-00C04F79EFBC}") = "howto_read_csv_file", "howto_read_csv_file.csproj", "{30FE66FB-B490-4608-96D9-2E138FBB88F5}"
EndProject
Global
	GlobalSection(SolutionConfigurationPlatforms) = preSolution
		Debug|Any CPU = Debug|Any CPU
		Release|Any CPU = Release|Any CPU
	EndGlobalSection
	GlobalSection(ProjectConfigurationPlatforms) = postSolution
		{30FE66FB-B490-4608-96D9-2E138FBB88F5}.Debug|Any CPU.ActiveCfg = Debug|Any CPU
		{30FE66FB-B490-4608-96D9-2E138FBB88F5}.Debug|Any CPU.Build.0 = Debug|Any CPU
		{30FE66FB-B490-4608-96D9-2E138FBB88F5}.Release|Any CPU.ActiveCfg = Release|Any CPU
		{30FE66FB-B490-4608-96D9-2E138FBB88F5}.Release|Any CPU.Build.0 = Release|Any CPU
	EndGlobalSection
	GlobalSection(SolutionProperties) = preSolution
		HideSolutionNode = FALSE
	EndGlobalSection
	GlobalSection(ExtensibilityGlobals) = postSolution
		SolutionGuid = {E8858E21-4BBE-42E3-86DB-EDF911C1E540}
	EndGlobalSection
EndGlobal
